{
    "_readme": [
        "This file locks the dependencies of your project to a known state",
        "Read more about it at https://getcomposer.org/doc/01-basic-usage.md#composer-lock-the-lock-file",
        "This file is @generated automatically"
    ],
    "content-hash": "90f51faa9843276d18e982d09cb3d3fb",
    "packages": [
        {
            "name": "scribu/scb-framework",
            "version": "dev-master",
            "source": {
                "type": "git",
                "url": "https://github.com/scribu/wp-scb-framework.git",
                "reference": "95b23ac342fce16bf5eb8d939ac5a361b94b104b"
            },
            "dist": {
                "type": "zip",
                "url": "https://api.github.com/repos/scribu/wp-scb-framework/zipball/95b23ac342fce16bf5eb8d939ac5a361b94b104b",
                "reference": "95b23ac342fce16bf5eb8d939ac5a361b94b104b",
                "shasum": ""
            },
            "type": "library",
            "autoload": {
                "classmap": [
                    "."
                ],
                "files": [
                    "load-composer.php",
                    "Util.php"
                ]
            },
            "notification-url": "https://packagist.org/downloads/",
            "license": [
                "GPL-3.0+"
            ],
            "authors": [
                {
                    "name": "Cristi Burcă",
                    "homepage": "http://scribu.net/"
                }
            ],
            "description": "A set of useful classes for faster plugin development",
            "homepage": "https://github.com/scribu/wp-scb-framework",
            "keywords": [
                "wordpress"
            ],
            "time": "2015-10-25T20:19:41+00:00"
        },
        {
            "name": "tigokr/slack-api",
            "version": "v1.0",
            "source": {
                "type": "git",
                "url": "https://github.com/tigokr/slack-api.git",
                "reference": "89af5a700874836b5cbe280bed4cada2949467e6"
            },
            "dist": {
                "type": "zip",
                "url": "https://api.github.com/repos/tigokr/slack-api/zipball/89af5a700874836b5cbe280bed4cada2949467e6",
                "reference": "89af5a700874836b5cbe280bed4cada2949467e6",
                "shasum": ""
            },
            "type": "library",
            "autoload": {
                "psr-0": {
                    "tigokr\\Slack": "src"
                }
            },
            "notification-url": "https://packagist.org/downloads/",
            "time": "2016-03-17T22:13:07+00:00"
        },
        {
            "name": "twig/twig",
            "version": "v1.13.0",
            "source": {
                "type": "git",
                "url": "https://github.com/twigphp/Twig.git",
                "reference": "d9b7bbd2dce6ace639286edbf3707bbcb1006d9b"
            },
            "dist": {
                "type": "zip",
                "url": "https://api.github.com/repos/twigphp/Twig/zipball/d9b7bbd2dce6ace639286edbf3707bbcb1006d9b",
                "reference": "d9b7bbd2dce6ace639286edbf3707bbcb1006d9b",
                "shasum": ""
            },
            "require": {
                "php": ">=5.2.4"
            },
            "type": "library",
            "extra": {
                "branch-alias": {
                    "dev-master": "1.13-dev"
                }
            },
            "autoload": {
                "psr-0": {
                    "Twig_": "lib/"
                }
            },
            "notification-url": "https://packagist.org/downloads/",
            "license": [
                "BSD-3"
            ],
            "authors": [
                {
                    "name": "Fabien Potencier",
                    "email": "fabien@symfony.com"
                },
                {
                    "name": "Armin Ronacher",
                    "email": "armin.ronacher@active-4.com"
                }
            ],
            "description": "Twig, the flexible, fast, and secure template language for PHP",
            "homepage": "http://twig.sensiolabs.org",
            "keywords": [
                "templating"
            ],
            "time": "2013-05-10T15:12:43+00:00"
        }
    ],
    "packages-dev": [],
    "aliases": [],
    "minimum-stability": "stable",
    "stability-flags": {
        "scribu/scb-framework": 20
    },
    "prefer-stable": false,
    "prefer-lowest": false,
    "platform": [],
    "platform-dev": []
}
